
Microsoft Visual Studio Solution File, Format Version 12.00
# Visual Studio Version 16
VisualStudioVersion = 16.0.30011.22
MinimumVisualStudioVersion = 10.0.40219.1
Project("{FAE04EC0-301F-11D3-BF4B-00C04F79EFBC}") = "NDP Proje", "NDP Proje\NDP Proje.csproj", "{D75E0953-72F9-4278-BE0A-A960E472917F}"
EndProject
Global
	GlobalSection(SolutionConfigurationPlatforms) = preSolution
		Debug|Any CPU = Debug|Any CPU
		Release|Any CPU = Release|Any CPU
	EndGlobalSection
	GlobalSection(ProjectConfigurationPlatforms) = postSolution
		{D75E0953-72F9-4278-BE0A-A960E472917F}.Debug|Any CPU.ActiveCfg = Debug|Any CPU
		{D75E0953-72F9-4278-BE0A-A960E472917F}.Debug|Any CPU.Build.0 = Debug|Any CPU
		{D75E0953-72F9-4278-BE0A-A960E472917F}.Release|Any CPU.ActiveCfg = Release|Any CPU
		{D75E0953-72F9-4278-BE0A-A960E472917F}.Release|Any CPU.Build.0 = Release|Any CPU
	EndGlobalSection
	GlobalSection(SolutionProperties) = preSolution
		HideSolutionNode = FALSE
	EndGlobalSection
	GlobalSection(ExtensibilityGlobals) = postSolution
		SolutionGuid = {B37B63D3-48E0-4593-813B-F8D210EDB1A9}
	EndGlobalSection
EndGlobal
