
Microsoft Visual Studio Solution File, Format Version 12.00
# Visual Studio Version 16
VisualStudioVersion = 16.0.29905.134
MinimumVisualStudioVersion = 10.0.40219.1
Project("{FAE04EC0-301F-11D3-BF4B-00C04F79EFBC}") = "WindowsFormsApp1", "WindowsFormsApp1\WindowsFormsApp1.csproj", "{1DE6DAFE-6D42-47CE-8787-6F57C21AA8D7}"
EndProject
Global
	GlobalSection(SolutionConfigurationPlatforms) = preSolution
		Debug|Any CPU = Debug|Any CPU
		Release|Any CPU = Release|Any CPU
	EndGlobalSection
	GlobalSection(ProjectConfigurationPlatforms) = postSolution
		{1DE6DAFE-6D42-47CE-8787-6F57C21AA8D7}.Debug|Any CPU.ActiveCfg = Debug|Any CPU
		{1DE6DAFE-6D42-47CE-8787-6F57C21AA8D7}.Debug|Any CPU.Build.0 = Debug|Any CPU
		{1DE6DAFE-6D42-47CE-8787-6F57C21AA8D7}.Release|Any CPU.ActiveCfg = Release|Any CPU
		{1DE6DAFE-6D42-47CE-8787-6F57C21AA8D7}.Release|Any CPU.Build.0 = Release|Any CPU
	EndGlobalSection
	GlobalSection(SolutionProperties) = preSolution
		HideSolutionNode = FALSE
	EndGlobalSection
	GlobalSection(ExtensibilityGlobals) = postSolution
		SolutionGuid = {36998E0C-C83B-4276-B940-CABC84120410}
	EndGlobalSection
EndGlobal
